
Microsoft Visual Studio Solution File, Format Version 12.00
# Visual Studio Version 16
VisualStudioVersion = 16.0.32002.261
MinimumVisualStudioVersion = 10.0.40219.1
Project("{FAE04EC0-301F-11D3-BF4B-00C04F79EFBC}") = "Ado.AddressBookService", "Ado.AddressBookService\Ado.AddressBookService.csproj", "{087F985A-9387-4E1D-A6AE-85F11BCE2428}"
EndProject
Global
	GlobalSection(SolutionConfigurationPlatforms) = preSolution
		Debug|Any CPU = Debug|Any CPU
		Release|Any CPU = Release|Any CPU
	EndGlobalSection
	GlobalSection(ProjectConfigurationPlatforms) = postSolution
		{087F985A-9387-4E1D-A6AE-85F11BCE2428}.Debug|Any CPU.ActiveCfg = Debug|Any CPU
		{087F985A-9387-4E1D-A6AE-85F11BCE2428}.Debug|Any CPU.Build.0 = Debug|Any CPU
		{087F985A-9387-4E1D-A6AE-85F11BCE2428}.Release|Any CPU.ActiveCfg = Release|Any CPU
		{087F985A-9387-4E1D-A6AE-85F11BCE2428}.Release|Any CPU.Build.0 = Release|Any CPU
	EndGlobalSection
	GlobalSection(SolutionProperties) = preSolution
		HideSolutionNode = FALSE
	EndGlobalSection
	GlobalSection(ExtensibilityGlobals) = postSolution
		SolutionGuid = {7624CC03-C241-472E-9F67-838C6E574FE4}
	EndGlobalSection
EndGlobal
